// !$*UTF8*$!
{
	archiveVersion = 1;
	classes = {
	};
	objectVersion = 51;
	objects = {

/* Begin PBXBuildFile section */
		4C53BDC225B1D27B00B662EE /* AppDelegate.swift in Sources */ = {isa = PBXBuildFile; fileRef = 4C53BDC125B1D27B00B662EE /* AppDelegate.swift */; };
		4C53BDC425B1D27B00B662EE /* SceneDelegate.swift in Sources */ = {isa = PBXBuildFile; fileRef = 4C53BDC325B1D27B00B662EE /* SceneDelegate.swift */; };
		4C53BDCB25B1D27B00B662EE /* Assets.xcassets in Resources */ = {isa = PBXBuildFile; fileRef = 4C53BDCA25B1D27B00B662EE /* Assets.xcassets */; };
		4C53BDCE25B1D27B00B662EE /* LaunchScreen.storyboard in Resources */ = {isa = PBXBuildFile; fileRef = 4C53BDCC25B1D27B00B662EE /* LaunchScreen.storyboard */; };
		4C53BDDA25B1D2EA00B662EE /* TrendingViewController.xib in Resources */ = {isa = PBXBuildFile; fileRef = 4C53BDD825B1D2EA00B662EE /* TrendingViewController.xib */; };
		4C53BDE125B1D95600B662EE /* TrendingTableViewCell.swift in Sources */ = {isa = PBXBuildFile; fileRef = 4C53BDDF25B1D95600B662EE /* TrendingTableViewCell.swift */; };
		4C53BDE225B1D95600B662EE /* TrendingTableViewCell.xib in Resources */ = {isa = PBXBuildFile; fileRef = 4C53BDE025B1D95600B662EE /* TrendingTableViewCell.xib */; };
		4CC4411B25B29C1D006847EB /* TrendingViewController.swift in Sources */ = {isa = PBXBuildFile; fileRef = 4C53BDD725B1D2EA00B662EE /* TrendingViewController.swift */; };
		4CF09E6425B29FF30028CA20 /* Pods_Trending.framework in Frameworks */ = {isa = PBXBuildFile; fileRef = 4CF09E6325B29FF30028CA20 /* Pods_Trending.framework */; };
/* End PBXBuildFile section */

/* Begin PBXFileReference section */
		4C53BDBE25B1D27B00B662EE /* Trending.app */ = {isa = PBXFileReference; explicitFileType = wrapper.application; includeInIndex = 0; path = Trending.app; sourceTree = BUILT_PRODUCTS_DIR; };
		4C53BDC125B1D27B00B662EE /* AppDelegate.swift */ = {isa = PBXFileReference; lastKnownFileType = sourcecode.swift; path = AppDelegate.swift; sourceTree = "<group>"; };
		4C53BDC325B1D27B00B662EE /* SceneDelegate.swift */ = {isa = PBXFileReference; lastKnownFileType = sourcecode.swift; path = SceneDelegate.swift; sourceTree = "<group>"; };
		4C53BDCA25B1D27B00B662EE /* Assets.xcassets */ = {isa = PBXFileReference; lastKnownFileType = folder.assetcatalog; path = Assets.xcassets; sourceTree = "<group>"; };
		4C53BDCD25B1D27B00B662EE /* Base */ = {isa = PBXFileReference; lastKnownFileType = file.storyboard; name = Base; path = Base.lproj/LaunchScreen.storyboard; sourceTree = "<group>"; };
		4C53BDCF25B1D27B00B662EE /* Info.plist */ = {isa = PBXFileReference; lastKnownFileType = text.plist.xml; path = Info.plist; sourceTree = "<group>"; };
		4C53BDD725B1D2EA00B662EE /* TrendingViewController.swift */ = {isa = PBXFileReference; lastKnownFileType = sourcecode.swift; path = TrendingViewController.swift; sourceTree = "<group>"; };
		4C53BDD825B1D2EA00B662EE /* TrendingViewController.xib */ = {isa = PBXFileReference; lastKnownFileType = file.xib; path = TrendingViewController.xib; sourceTree = "<group>"; };
		4C53BDDF25B1D95600B662EE /* TrendingTableViewCell.swift */ = {isa = PBXFileReference; lastKnownFileType = sourcecode.swift; path = TrendingTableViewCell.swift; sourceTree = "<group>"; };
		4C53BDE025B1D95600B662EE /* TrendingTableViewCell.xib */ = {isa = PBXFileReference; lastKnownFileType = file.xib; path = TrendingTableViewCell.xib; sourceTree = "<group>"; };
		4CF09E6325B29FF30028CA20 /* Pods_Trending.framework */ = {isa = PBXFileReference; explicitFileType = wrapper.framework; path = Pods_Trending.framework; sourceTree = BUILT_PRODUCTS_DIR; };
		62E5CD5725D2D3F6196A47DA /* Pods-Trending.release.xcconfig */ = {isa = PBXFileReference; includeInIndex = 1; lastKnownFileType = text.xcconfig; name = "Pods-Trending.release.xcconfig"; path = "Target Support Files/Pods-Trending/Pods-Trending.release.xcconfig"; sourceTree = "<group>"; };
		F702BCD18F26FCA92E3017B0 /* Pods-Trending.debug.xcconfig */ = {isa = PBXFileReference; includeInIndex = 1; lastKnownFileType = text.xcconfig; name = "Pods-Trending.debug.xcconfig"; path = "Target Support Files/Pods-Trending/Pods-Trending.debug.xcconfig"; sourceTree = "<group>"; };
/* End PBXFileReference section */

/* Begin PBXFrameworksBuildPhase section */
		4C53BDBB25B1D27B00B662EE /* Frameworks */ = {
			isa = PBXFrameworksBuildPhase;
			buildActionMask = 2147483647;
			files = (
				4CF09E6425B29FF30028CA20 /* Pods_Trending.framework in Frameworks */,
			);
			runOnlyForDeploymentPostprocessing = 0;
		};
/* End PBXFrameworksBuildPhase section */

/* Begin PBXGroup section */
		4C53BDB525B1D27B00B662EE = {
			isa = PBXGroup;
			children = (
				4C53BDC025B1D27B00B662EE /* Trending */,
				4C53BDBF25B1D27B00B662EE /* Products */,
				7A7C0F0D22307B59D3450B76 /* Pods */,
				AE32591300FC503CCA290A40 /* Frameworks */,
			);
			sourceTree = "<group>";
		};
		4C53BDBF25B1D27B00B662EE /* Products */ = {
			isa = PBXGroup;
			children = (
				4C53BDBE25B1D27B00B662EE /* Trending.app */,
			);
			name = Products;
			sourceTree = "<group>";
		};
		4C53BDC025B1D27B00B662EE /* Trending */ = {
			isa = PBXGroup;
			children = (
				4C53BDC125B1D27B00B662EE /* AppDelegate.swift */,
				4C53BDC325B1D27B00B662EE /* SceneDelegate.swift */,
				4C53BDCA25B1D27B00B662EE /* Assets.xcassets */,
				4C53BDCC25B1D27B00B662EE /* LaunchScreen.storyboard */,
				4C53BDCF25B1D27B00B662EE /* Info.plist */,
				4C53BDD725B1D2EA00B662EE /* TrendingViewController.swift */,
				4C53BDD825B1D2EA00B662EE /* TrendingViewController.xib */,
				4C53BDDF25B1D95600B662EE /* TrendingTableViewCell.swift */,
				4C53BDE025B1D95600B662EE /* TrendingTableViewCell.xib */,
			);
			path = Trending;
			sourceTree = "<group>";
		};
		7A7C0F0D22307B59D3450B76 /* Pods */ = {
			isa = PBXGroup;
			children = (
				F702BCD18F26FCA92E3017B0 /* Pods-Trending.debug.xcconfig */,
				62E5CD5725D2D3F6196A47DA /* Pods-Trending.release.xcconfig */,
			);
			path = Pods;
			sourceTree = "<group>";
		};
		AE32591300FC503CCA290A40 /* Frameworks */ = {
			isa = PBXGroup;
			children = (
				4CF09E6325B29FF30028CA20 /* Pods_Trending.framework */,
			);
			name = Frameworks;
			sourceTree = "<group>";
		};
/* End PBXGroup section */

/* Begin PBXNativeTarget section */
		4C53BDBD25B1D27B00B662EE /* Trending */ = {
			isa = PBXNativeTarget;
			buildConfigurationList = 4C53BDD225B1D27B00B662EE /* Build configuration list for PBXNativeTarget "Trending" */;
			buildPhases = (
				63C210A6E95307D047C2497E /* [CP] Check Pods Manifest.lock */,
				4C53BDBA25B1D27B00B662EE /* Sources */,
				4C53BDBB25B1D27B00B662EE /* Frameworks */,
				4C53BDBC25B1D27B00B662EE /* Resources */,
				52D0CD99FA9428E0E10305D7 /* [CP] Embed Pods Frameworks */,
			);
			buildRules = (
			);
			dependencies = (
			);
			name = Trending;
			productName = Trending;
			productReference = 4C53BDBE25B1D27B00B662EE /* Trending.app */;
			productType = "com.apple.product-type.application";
		};
/* End PBXNativeTarget section */

/* Begin PBXProject section */
		4C53BDB625B1D27B00B662EE /* Project object */ = {
			isa = PBXProject;
			attributes = {
				LastSwiftUpdateCheck = 1220;
				LastUpgradeCheck = 1220;
				TargetAttributes = {
					4C53BDBD25B1D27B00B662EE = {
						CreatedOnToolsVersion = 12.2;
						LastSwiftMigration = 1220;
					};
				};
			};
			buildConfigurationList = 4C53BDB925B1D27B00B662EE /* Build configuration list for PBXProject "Trending" */;
			compatibilityVersion = "Xcode 9.3";
			developmentRegion = en;
			hasScannedForEncodings = 0;
			knownRegions = (
				en,
				Base,
			);
			mainGroup = 4C53BDB525B1D27B00B662EE;
			productRefGroup = 4C53BDBF25B1D27B00B662EE /* Products */;
			projectDirPath = "";
			projectRoot = "";
			targets = (
				4C53BDBD25B1D27B00B662EE /* Trending */,
			);
		};
/* End PBXProject section */

/* Begin PBXResourcesBuildPhase section */
		4C53BDBC25B1D27B00B662EE /* Resources */ = {
			isa = PBXResourcesBuildPhase;
			buildActionMask = 2147483647;
			files = (
				4C53BDE225B1D95600B662EE /* TrendingTableViewCell.xib in Resources */,
				4C53BDCE25B1D27B00B662EE /* LaunchScreen.storyboard in Resources */,
				4C53BDCB25B1D27B00B662EE /* Assets.xcassets in Resources */,
				4C53BDDA25B1D2EA00B662EE /* TrendingViewController.xib in Resources */,
			);
			runOnlyForDeploymentPostprocessing = 0;
		};
/* End PBXResourcesBuildPhase section */

/* Begin PBXShellScriptBuildPhase section */
		52D0CD99FA9428E0E10305D7 /* [CP] Embed Pods Frameworks */ = {
			isa = PBXShellScriptBuildPhase;
			buildActionMask = 2147483647;
			files = (
			);
			inputFileListPaths = (
				"${PODS_ROOT}/Target Support Files/Pods-Trending/Pods-Trending-frameworks-${CONFIGURATION}-input-files.xcfilelist",
			);
			name = "[CP] Embed Pods Frameworks";
			outputFileListPaths = (
				"${PODS_ROOT}/Target Support Files/Pods-Trending/Pods-Trending-frameworks-${CONFIGURATION}-output-files.xcfilelist",
			);
			runOnlyForDeploymentPostprocessing = 0;
			shellPath = /bin/sh;
			shellScript = "\"${PODS_ROOT}/Target Support Files/Pods-Trending/Pods-Trending-frameworks.sh\"\n";
			showEnvVarsInLog = 0;
		};
		63C210A6E95307D047C2497E /* [CP] Check Pods Manifest.lock */ = {
			isa = PBXShellScriptBuildPhase;
			buildActionMask = 2147483647;
			files = (
			);
			inputFileListPaths = (
			);
			inputPaths = (
				"${PODS_PODFILE_DIR_PATH}/Podfile.lock",
				"${PODS_ROOT}/Manifest.lock",
			);
			name = "[CP] Check Pods Manifest.lock";
			outputFileListPaths = (
			);
			outputPaths = (
				"$(DERIVED_FILE_DIR)/Pods-Trending-checkManifestLockResult.txt",
			);
			runOnlyForDeploymentPostprocessing = 0;
			shellPath = /bin/sh;
			shellScript = "diff \"${PODS_PODFILE_DIR_PATH}/Podfile.lock\" \"${PODS_ROOT}/Manifest.lock\" > /dev/null\nif [ $? != 0 ] ; then\n    # print error to STDERR\n    echo \"error: The sandbox is not in sync with the Podfile.lock. Run 'pod install' or update your CocoaPods installation.\" >&2\n    exit 1\nfi\n# This output is used by Xcode 'outputs' to avoid re-running this script phase.\necho \"SUCCESS\" > \"${SCRIPT_OUTPUT_FILE_0}\"\n";
			showEnvVarsInLog = 0;
		};
/* End PBXShellScriptBuildPhase section */

/* Begin PBXSourcesBuildPhase section */
		4C53BDBA25B1D27B00B662EE /* Sources */ = {
			isa = PBXSourcesBuildPhase;
			buildActionMask = 2147483647;
			files = (
				4C53BDE125B1D95600B662EE /* TrendingTableViewCell.swift in Sources */,
				4CC4411B25B29C1D006847EB /* TrendingViewController.swift in Sources */,
				4C53BDC225B1D27B00B662EE /* AppDelegate.swift in Sources */,
				4C53BDC425B1D27B00B662EE /* SceneDelegate.swift in Sources */,
			);
			runOnlyForDeploymentPostprocessing = 0;
		};
/* End PBXSourcesBuildPhase section */

/* Begin PBXVariantGroup section */
		4C53BDCC25B1D27B00B662EE /* LaunchScreen.storyboard */ = {
			isa = PBXVariantGroup;
			children = (
				4C53BDCD25B1D27B00B662EE /* Base */,
			);
			name = LaunchScreen.storyboard;
			sourceTree = "<group>";
		};
/* End PBXVariantGroup section */

/* Begin XCBuildConfiguration section */
		4C53BDD025B1D27B00B662EE /* Debug */ = {
			isa = XCBuildConfiguration;
			buildSettings = {
				ALWAYS_SEARCH_USER_PATHS = NO;
				CLANG_ANALYZER_NONNULL = YES;
				CLANG_ANALYZER_NUMBER_OBJECT_CONVERSION = YES_AGGRESSIVE;
				CLANG_CXX_LANGUAGE_STANDARD = "gnu++14";
				CLANG_CXX_LIBRARY = "libc++";
				CLANG_ENABLE_MODULES = YES;
				CLANG_ENABLE_OBJC_ARC = YES;
				CLANG_ENABLE_OBJC_WEAK = YES;
				CLANG_WARN_BLOCK_CAPTURE_AUTORELEASING = YES;
				CLANG_WARN_BOOL_CONVERSION = YES;
				CLANG_WARN_COMMA = YES;
				CLANG_WARN_CONSTANT_CONVERSION = YES;
				CLANG_WARN_DEPRECATED_OBJC_IMPLEMENTATIONS = YES;
				CLANG_WARN_DIRECT_OBJC_ISA_USAGE = YES_ERROR;
				CLANG_WARN_DOCUMENTATION_COMMENTS = YES;
				CLANG_WARN_EMPTY_BODY = YES;
				CLANG_WARN_ENUM_CONVERSION = YES;
				CLANG_WARN_INFINITE_RECURSION = YES;
				CLANG_WARN_INT_CONVERSION = YES;
				CLANG_WARN_NON_LITERAL_NULL_CONVERSION = YES;
				CLANG_WARN_OBJC_IMPLICIT_RETAIN_SELF = YES;
				CLANG_WARN_OBJC_LITERAL_CONVERSION = YES;
				CLANG_WARN_OBJC_ROOT_CLASS = YES_ERROR;
				CLANG_WARN_QUOTED_INCLUDE_IN_FRAMEWORK_HEADER = YES;
				CLANG_WARN_RANGE_LOOP_ANALYSIS = YES;
				CLANG_WARN_STRICT_PROTOTYPES = YES;
				CLANG_WARN_SUSPICIOUS_MOVE = YES;
				CLANG_WARN_UNGUARDED_AVAILABILITY = YES_AGGRESSIVE;
				CLANG_WARN_UNREACHABLE_CODE = YES;
				CLANG_WARN__DUPLICATE_METHOD_MATCH = YES;
				COPY_PHASE_STRIP = NO;
				DEBUG_INFORMATION_FORMAT = dwarf;
				ENABLE_STRICT_OBJC_MSGSEND = YES;
				ENABLE_TESTABILITY = YES;
				GCC_C_LANGUAGE_STANDARD = gnu11;
				GCC_DYNAMIC_NO_PIC = NO;
				GCC_NO_COMMON_BLOCKS = YES;
				GCC_OPTIMIZATION_LEVEL = 0;
				GCC_PREPROCESSOR_DEFINITIONS = (
					"DEBUG=1",
					"$(inherited)",
				);
				GCC_WARN_64_TO_32_BIT_CONVERSION = YES;
				GCC_WARN_ABOUT_RETURN_TYPE = YES_ERROR;
				GCC_WARN_UNDECLARED_SELECTOR = YES;
				GCC_WARN_UNINITIALIZED_AUTOS = YES_AGGRESSIVE;
				GCC_WARN_UNUSED_FUNCTION = YES;
				GCC_WARN_UNUSED_VARIABLE = YES;
				IPHONEOS_DEPLOYMENT_TARGET = 10.0;
				MTL_ENABLE_DEBUG_INFO = INCLUDE_SOURCE;
				MTL_FAST_MATH = YES;
				ONLY_ACTIVE_ARCH = YES;
				SDKROOT = iphoneos;
				SWIFT_ACTIVE_COMPILATION_CONDITIONS = DEBUG;
				SWIFT_OPTIMIZATION_LEVEL = "-Onone";
			};
			name = Debug;
		};
		4C53BDD125B1D27B00B662EE /* Release */ = {
			isa = XCBuildConfiguration;
			buildSettings = {
				ALWAYS_SEARCH_USER_PATHS = NO;
				CLANG_ANALYZER_NONNULL = YES;
				CLANG_ANALYZER_NUMBER_OBJECT_CONVERSION = YES_AGGRESSIVE;
				CLANG_CXX_LANGUAGE_STANDARD = "gnu++14";
				CLANG_CXX_LIBRARY = "libc++";
				CLANG_ENABLE_MODULES = YES;
				CLANG_ENABLE_OBJC_ARC = YES;
				CLANG_ENABLE_OBJC_WEAK = YES;
				CLANG_WARN_BLOCK_CAPTURE_AUTORELEASING = YES;
				CLANG_WARN_BOOL_CONVERSION = YES;
				CLANG_WARN_COMMA = YES;
				CLANG_WARN_CONSTANT_CONVERSION = YES;
				CLANG_WARN_DEPRECATED_OBJC_IMPLEMENTATIONS = YES;
				CLANG_WARN_DIRECT_OBJC_ISA_USAGE = YES_ERROR;
				CLANG_WARN_DOCUMENTATION_COMMENTS = YES;
				CLANG_WARN_EMPTY_BODY = YES;
				CLANG_WARN_ENUM_CONVERSION = YES;
				CLANG_WARN_INFINITE_RECURSION = YES;
				CLANG_WARN_INT_CONVERSION = YES;
				CLANG_WARN_NON_LITERAL_NULL_CONVERSION = YES;
				CLANG_WARN_OBJC_IMPLICIT_RETAIN_SELF = YES;
				CLANG_WARN_OBJC_LITERAL_CONVERSION = YES;
				CLANG_WARN_OBJC_ROOT_CLASS = YES_ERROR;
				CLANG_WARN_QUOTED_INCLUDE_IN_FRAMEWORK_HEADER = YES;
				CLANG_WARN_RANGE_LOOP_ANALYSIS = YES;
				CLANG_WARN_STRICT_PROTOTYPES = YES;
				CLANG_WARN_SUSPICIOUS_MOVE = YES;
				CLANG_WARN_UNGUARDED_AVAILABILITY = YES_AGGRESSIVE;
				CLANG_WARN_UNREACHABLE_CODE = YES;
				CLANG_WARN__DUPLICATE_METHOD_MATCH = YES;
				COPY_PHASE_STRIP = NO;
				DEBUG_INFORMATION_FORMAT = "dwarf-with-dsym";
				ENABLE_NS_ASSERTIONS = NO;
				ENABLE_STRICT_OBJC_MSGSEND = YES;
				GCC_C_LANGUAGE_STANDARD = gnu11;
				GCC_NO_COMMON_BLOCKS = YES;
				GCC_WARN_64_TO_32_BIT_CONVERSION = YES;
				GCC_WARN_ABOUT_RETURN_TYPE = YES_ERROR;
				GCC_WARN_UNDECLARED_SELECTOR = YES;
				GCC_WARN_UNINITIALIZED_AUTOS = YES_AGGRESSIVE;
				GCC_WARN_UNUSED_FUNCTION = YES;
				GCC_WARN_UNUSED_VARIABLE = YES;
				IPHONEOS_DEPLOYMENT_TARGET = 10.0;
				MTL_ENABLE_DEBUG_INFO = NO;
				MTL_FAST_MATH = YES;
				SDKROOT = iphoneos;
				SWIFT_COMPILATION_MODE = wholemodule;
				SWIFT_OPTIMIZATION_LEVEL = "-O";
				VALIDATE_PRODUCT = YES;
			};
			name = Release;
		};
		4C53BDD325B1D27B00B662EE /* Debug */ = {
			isa = XCBuildConfiguration;
			baseConfigurationReference = F702BCD18F26FCA92E3017B0 /* Pods-Trending.debug.xcconfig */;
			buildSettings = {
				ASSETCATALOG_COMPILER_APPICON_NAME = AppIcon;
				ASSETCATALOG_COMPILER_GLOBAL_ACCENT_COLOR_NAME = AccentColor;
				CODE_SIGN_STYLE = Automatic;
				DEVELOPMENT_TEAM = 35VSK3XB8A;
				INFOPLIST_FILE = Trending/Info.plist;
				IPHONEOS_DEPLOYMENT_TARGET = 13.0;
				LD_RUNPATH_SEARCH_PATHS = (
					"$(inherited)",
					"@executable_path/Frameworks",
				);
				PRODUCT_BUNDLE_IDENTIFIER = com.haitho.Trending;
				PRODUCT_NAME = "$(TARGET_NAME)";
				SWIFT_VERSION = 4.2;
				TARGETED_DEVICE_FAMILY = "1,2";
			};
			name = Debug;
		};
		4C53BDD425B1D27B00B662EE /* Release */ = {
			isa = XCBuildConfiguration;
			baseConfigurationReference = 62E5CD5725D2D3F6196A47DA /* Pods-Trending.release.xcconfig */;
			buildSettings = {
				ASSETCATALOG_COMPILER_APPICON_NAME = AppIcon;
				ASSETCATALOG_COMPILER_GLOBAL_ACCENT_COLOR_NAME = AccentColor;
				CODE_SIGN_STYLE = Automatic;
				DEVELOPMENT_TEAM = 35VSK3XB8A;
				INFOPLIST_FILE = Trending/Info.plist;
				IPHONEOS_DEPLOYMENT_TARGET = 13.0;
				LD_RUNPATH_SEARCH_PATHS = (
					"$(inherited)",
					"@executable_path/Frameworks",
				);
				PRODUCT_BUNDLE_IDENTIFIER = com.haitho.Trending;
				PRODUCT_NAME = "$(TARGET_NAME)";
				SWIFT_VERSION = 4.2;
				TARGETED_DEVICE_FAMILY = "1,2";
			};
			name = Release;
		};
/* End XCBuildConfiguration section */

/* Begin XCConfigurationList section */
		4C53BDB925B1D27B00B662EE /* Build configuration list for PBXProject "Trending" */ = {
			isa = XCConfigurationList;
			buildConfigurations = (
				4C53BDD025B1D27B00B662EE /* Debug */,
				4C53BDD125B1D27B00B662EE /* Release */,
			);
			defaultConfigurationIsVisible = 0;
			defaultConfigurationName = Release;
		};
		4C53BDD225B1D27B00B662EE /* Build configuration list for PBXNativeTarget "Trending" */ = {
			isa = XCConfigurationList;
			buildConfigurations = (
				4C53BDD325B1D27B00B662EE /* Debug */,
				4C53BDD425B1D27B00B662EE /* Release */,
			);
			defaultConfigurationIsVisible = 0;
			defaultConfigurationName = Release;
		};
/* End XCConfigurationList section */
	};
	rootObject = 4C53BDB625B1D27B00B662EE /* Project object */;
}
